
Microsoft Visual Studio Solution File, Format Version 12.00
# Visual Studio Version 17
VisualStudioVersion = 17.2.32630.192
MinimumVisualStudioVersion = 10.0.40219.1
Project("{9A19103F-16F7-4668-BE54-9A1E7A4F7556}") = "Meeting.Api", "Services\Meeting\Meeting.Api\Meeting.Api.csproj", "{96133B9C-A411-4779-95CB-5D20CD43AF11}"
EndProject
Project("{9A19103F-16F7-4668-BE54-9A1E7A4F7556}") = "Meeting.Domain", "Services\Meeting\Meeting.Domain\Meeting.Domain.csproj", "{71D4D14B-0151-4435-AC1F-696EDD12E188}"
EndProject
Project("{2150E333-8FDC-42A3-9474-1A3956D46DE8}") = "Services", "Services", "{62F5D1D2-9154-40F6-9A4B-990AC6A6E352}"
EndProject
Project("{2150E333-8FDC-42A3-9474-1A3956D46DE8}") = "Meeting", "Meeting", "{9E2BF2AD-0D65-4F5F-B206-890B6B9B86EE}"
EndProject
Project("{9A19103F-16F7-4668-BE54-9A1E7A4F7556}") = "Meeting.Application", "Services\Meeting\Meeting.Application\Meeting.Application.csproj", "{F5598FF0-1B00-442F-9EDE-7A9A5D92151B}"
EndProject
Project("{2150E333-8FDC-42A3-9474-1A3956D46DE8}") = "Platform", "Platform", "{DED2DB58-B791-462F-B661-8290BA6C6E42}"
EndProject
Project("{9A19103F-16F7-4668-BE54-9A1E7A4F7556}") = "Persistence.EfCore", "Platform\Persistence.EfCore\Persistence.EfCore.csproj", "{3CB6E8F9-73D7-4A33-97CF-661D97A199AF}"
EndProject
Project("{9A19103F-16F7-4668-BE54-9A1E7A4F7556}") = "Meeting.Infrastructure", "Services\Meeting\Meeting.Infrastructure\Meeting.Infrastructure.csproj", "{4234736E-8C4A-415C-95FB-F64097142119}"
EndProject
Project("{9A19103F-16F7-4668-BE54-9A1E7A4F7556}") = "SharedCommon", "Platform\SharedCommon\SharedCommon.csproj", "{787898E9-27DD-4450-9F36-67CE27033D5F}"
EndProject
Project("{2150E333-8FDC-42A3-9474-1A3956D46DE8}") = "Identity", "Identity", "{E9A74AC9-30F4-462E-A068-5E3FD5183814}"
EndProject
Project("{9A19103F-16F7-4668-BE54-9A1E7A4F7556}") = "Identity.Api", "Services\Identity\Identity.Api\Identity.Api.csproj", "{00076E65-C6AE-43E1-B6CC-6B344AF9C947}"
EndProject
Project("{9A19103F-16F7-4668-BE54-9A1E7A4F7556}") = "Identity.Domain", "Services\Identity\Identity.Domain\Identity.Domain.csproj", "{357DD69B-D4AA-4ED8-8FF5-6647D3F475BA}"
EndProject
Project("{9A19103F-16F7-4668-BE54-9A1E7A4F7556}") = "Identity.Infrastructure", "Services\Identity\Identity.Infrastructure\Identity.Infrastructure.csproj", "{AB4CC374-9541-46CB-BE87-B2A32C234007}"
EndProject
Project("{9A19103F-16F7-4668-BE54-9A1E7A4F7556}") = "Identity.Application", "Services\Identity\Identity.Application\Identity.Application.csproj", "{D46A2981-3C37-4C47-97D9-6BBA537207DD}"
EndProject
Project("{2150E333-8FDC-42A3-9474-1A3956D46DE8}") = "Tests", "Tests", "{3BF9E4BF-522A-4ACC-B848-517FC2FEFBCB}"
EndProject
Project("{2150E333-8FDC-42A3-9474-1A3956D46DE8}") = "Src", "Src", "{15AAC13F-EF49-4D0F-A68E-CE4196BBE2D9}"
EndProject
Project("{9A19103F-16F7-4668-BE54-9A1E7A4F7556}") = "PlatformTests", "..\tests\Platform\PlatfromTests\PlatformTests.csproj", "{78B0D95F-8842-4DC1-B0F0-C4626CB640D1}"
EndProject
Project("{9A19103F-16F7-4668-BE54-9A1E7A4F7556}") = "IdentityServiceTests", "..\tests\IdentityService\IdentityServiceTests\IdentityServiceTests.csproj", "{73676ABF-CED9-4655-B56B-293BFC6371F9}"
EndProject
Project("{9A19103F-16F7-4668-BE54-9A1E7A4F7556}") = "EventBusMessage", "Platform\EventMessageBus\EventBusMessage.csproj", "{F6843AF5-12E8-4873-A543-5A9A943662F7}"
EndProject
Project("{2150E333-8FDC-42A3-9474-1A3956D46DE8}") = "Workers", "Workers", "{0D4A9F33-69BF-47B9-9573-9948CEA49AEE}"
EndProject
Project("{9A19103F-16F7-4668-BE54-9A1E7A4F7556}") = "Mailing.Worker", "Workers\Mailing.Worker\Mailing.Worker.csproj", "{DD1D7132-A266-42A2-AC47-CB68CCAEC333}"
EndProject
Project("{9A19103F-16F7-4668-BE54-9A1E7A4F7556}") = "SharedEventBus", "Platform\SharedEventBus\SharedEventBus.csproj", "{FB23EE98-644C-480A-BAAE-6D923E2EF841}"
EndProject
Project("{9A19103F-16F7-4668-BE54-9A1E7A4F7556}") = "Persistence.MongoDb", "Platform\Persistence.MongoDb\Persistence.MongoDb.csproj", "{39D17F00-0214-4F55-A5FA-C555BD7AFD77}"
EndProject
Project("{2150E333-8FDC-42A3-9474-1A3956D46DE8}") = "Persistence", "Persistence", "{9B085FC7-834A-410B-8021-BCDF4A3067D7}"
EndProject
Global
	GlobalSection(SolutionConfigurationPlatforms) = preSolution
		Debug|Any CPU = Debug|Any CPU
		Release|Any CPU = Release|Any CPU
	EndGlobalSection
	GlobalSection(ProjectConfigurationPlatforms) = postSolution
		{96133B9C-A411-4779-95CB-5D20CD43AF11}.Debug|Any CPU.ActiveCfg = Debug|Any CPU
		{96133B9C-A411-4779-95CB-5D20CD43AF11}.Debug|Any CPU.Build.0 = Debug|Any CPU
		{96133B9C-A411-4779-95CB-5D20CD43AF11}.Release|Any CPU.ActiveCfg = Release|Any CPU
		{96133B9C-A411-4779-95CB-5D20CD43AF11}.Release|Any CPU.Build.0 = Release|Any CPU
		{71D4D14B-0151-4435-AC1F-696EDD12E188}.Debug|Any CPU.ActiveCfg = Debug|Any CPU
		{71D4D14B-0151-4435-AC1F-696EDD12E188}.Debug|Any CPU.Build.0 = Debug|Any CPU
		{71D4D14B-0151-4435-AC1F-696EDD12E188}.Release|Any CPU.ActiveCfg = Release|Any CPU
		{71D4D14B-0151-4435-AC1F-696EDD12E188}.Release|Any CPU.Build.0 = Release|Any CPU
		{F5598FF0-1B00-442F-9EDE-7A9A5D92151B}.Debug|Any CPU.ActiveCfg = Debug|Any CPU
		{F5598FF0-1B00-442F-9EDE-7A9A5D92151B}.Debug|Any CPU.Build.0 = Debug|Any CPU
		{F5598FF0-1B00-442F-9EDE-7A9A5D92151B}.Release|Any CPU.ActiveCfg = Release|Any CPU
		{F5598FF0-1B00-442F-9EDE-7A9A5D92151B}.Release|Any CPU.Build.0 = Release|Any CPU
		{3CB6E8F9-73D7-4A33-97CF-661D97A199AF}.Debug|Any CPU.ActiveCfg = Debug|Any CPU
		{3CB6E8F9-73D7-4A33-97CF-661D97A199AF}.Debug|Any CPU.Build.0 = Debug|Any CPU
		{3CB6E8F9-73D7-4A33-97CF-661D97A199AF}.Release|Any CPU.ActiveCfg = Release|Any CPU
		{3CB6E8F9-73D7-4A33-97CF-661D97A199AF}.Release|Any CPU.Build.0 = Release|Any CPU
		{4234736E-8C4A-415C-95FB-F64097142119}.Debug|Any CPU.ActiveCfg = Debug|Any CPU
		{4234736E-8C4A-415C-95FB-F64097142119}.Debug|Any CPU.Build.0 = Debug|Any CPU
		{4234736E-8C4A-415C-95FB-F64097142119}.Release|Any CPU.ActiveCfg = Release|Any CPU
		{4234736E-8C4A-415C-95FB-F64097142119}.Release|Any CPU.Build.0 = Release|Any CPU
		{787898E9-27DD-4450-9F36-67CE27033D5F}.Debug|Any CPU.ActiveCfg = Debug|Any CPU
		{787898E9-27DD-4450-9F36-67CE27033D5F}.Debug|Any CPU.Build.0 = Debug|Any CPU
		{787898E9-27DD-4450-9F36-67CE27033D5F}.Release|Any CPU.ActiveCfg = Release|Any CPU
		{787898E9-27DD-4450-9F36-67CE27033D5F}.Release|Any CPU.Build.0 = Release|Any CPU
		{00076E65-C6AE-43E1-B6CC-6B344AF9C947}.Debug|Any CPU.ActiveCfg = Debug|Any CPU
		{00076E65-C6AE-43E1-B6CC-6B344AF9C947}.Debug|Any CPU.Build.0 = Debug|Any CPU
		{00076E65-C6AE-43E1-B6CC-6B344AF9C947}.Release|Any CPU.ActiveCfg = Release|Any CPU
		{00076E65-C6AE-43E1-B6CC-6B344AF9C947}.Release|Any CPU.Build.0 = Release|Any CPU
		{357DD69B-D4AA-4ED8-8FF5-6647D3F475BA}.Debug|Any CPU.ActiveCfg = Debug|Any CPU
		{357DD69B-D4AA-4ED8-8FF5-6647D3F475BA}.Debug|Any CPU.Build.0 = Debug|Any CPU
		{357DD69B-D4AA-4ED8-8FF5-6647D3F475BA}.Release|Any CPU.ActiveCfg = Release|Any CPU
		{357DD69B-D4AA-4ED8-8FF5-6647D3F475BA}.Release|Any CPU.Build.0 = Release|Any CPU
		{AB4CC374-9541-46CB-BE87-B2A32C234007}.Debug|Any CPU.ActiveCfg = Debug|Any CPU
		{AB4CC374-9541-46CB-BE87-B2A32C234007}.Debug|Any CPU.Build.0 = Debug|Any CPU
		{AB4CC374-9541-46CB-BE87-B2A32C234007}.Release|Any CPU.ActiveCfg = Release|Any CPU
		{AB4CC374-9541-46CB-BE87-B2A32C234007}.Release|Any CPU.Build.0 = Release|Any CPU
		{D46A2981-3C37-4C47-97D9-6BBA537207DD}.Debug|Any CPU.ActiveCfg = Debug|Any CPU
		{D46A2981-3C37-4C47-97D9-6BBA537207DD}.Debug|Any CPU.Build.0 = Debug|Any CPU
		{D46A2981-3C37-4C47-97D9-6BBA537207DD}.Release|Any CPU.ActiveCfg = Release|Any CPU
		{D46A2981-3C37-4C47-97D9-6BBA537207DD}.Release|Any CPU.Build.0 = Release|Any CPU
		{78B0D95F-8842-4DC1-B0F0-C4626CB640D1}.Debug|Any CPU.ActiveCfg = Debug|Any CPU
		{78B0D95F-8842-4DC1-B0F0-C4626CB640D1}.Debug|Any CPU.Build.0 = Debug|Any CPU
		{78B0D95F-8842-4DC1-B0F0-C4626CB640D1}.Release|Any CPU.ActiveCfg = Release|Any CPU
		{78B0D95F-8842-4DC1-B0F0-C4626CB640D1}.Release|Any CPU.Build.0 = Release|Any CPU
		{73676ABF-CED9-4655-B56B-293BFC6371F9}.Debug|Any CPU.ActiveCfg = Debug|Any CPU
		{73676ABF-CED9-4655-B56B-293BFC6371F9}.Debug|Any CPU.Build.0 = Debug|Any CPU
		{73676ABF-CED9-4655-B56B-293BFC6371F9}.Release|Any CPU.ActiveCfg = Release|Any CPU
		{73676ABF-CED9-4655-B56B-293BFC6371F9}.Release|Any CPU.Build.0 = Release|Any CPU
		{F6843AF5-12E8-4873-A543-5A9A943662F7}.Debug|Any CPU.ActiveCfg = Debug|Any CPU
		{F6843AF5-12E8-4873-A543-5A9A943662F7}.Debug|Any CPU.Build.0 = Debug|Any CPU
		{F6843AF5-12E8-4873-A543-5A9A943662F7}.Release|Any CPU.ActiveCfg = Release|Any CPU
		{F6843AF5-12E8-4873-A543-5A9A943662F7}.Release|Any CPU.Build.0 = Release|Any CPU
		{DD1D7132-A266-42A2-AC47-CB68CCAEC333}.Debug|Any CPU.ActiveCfg = Debug|Any CPU
		{DD1D7132-A266-42A2-AC47-CB68CCAEC333}.Debug|Any CPU.Build.0 = Debug|Any CPU
		{DD1D7132-A266-42A2-AC47-CB68CCAEC333}.Release|Any CPU.ActiveCfg = Release|Any CPU
		{DD1D7132-A266-42A2-AC47-CB68CCAEC333}.Release|Any CPU.Build.0 = Release|Any CPU
		{FB23EE98-644C-480A-BAAE-6D923E2EF841}.Debug|Any CPU.ActiveCfg = Debug|Any CPU
		{FB23EE98-644C-480A-BAAE-6D923E2EF841}.Debug|Any CPU.Build.0 = Debug|Any CPU
		{FB23EE98-644C-480A-BAAE-6D923E2EF841}.Release|Any CPU.ActiveCfg = Release|Any CPU
		{FB23EE98-644C-480A-BAAE-6D923E2EF841}.Release|Any CPU.Build.0 = Release|Any CPU
		{39D17F00-0214-4F55-A5FA-C555BD7AFD77}.Debug|Any CPU.ActiveCfg = Debug|Any CPU
		{39D17F00-0214-4F55-A5FA-C555BD7AFD77}.Debug|Any CPU.Build.0 = Debug|Any CPU
		{39D17F00-0214-4F55-A5FA-C555BD7AFD77}.Release|Any CPU.ActiveCfg = Release|Any CPU
		{39D17F00-0214-4F55-A5FA-C555BD7AFD77}.Release|Any CPU.Build.0 = Release|Any CPU
	EndGlobalSection
	GlobalSection(SolutionProperties) = preSolution
		HideSolutionNode = FALSE
	EndGlobalSection
	GlobalSection(NestedProjects) = preSolution
		{96133B9C-A411-4779-95CB-5D20CD43AF11} = {9E2BF2AD-0D65-4F5F-B206-890B6B9B86EE}
		{71D4D14B-0151-4435-AC1F-696EDD12E188} = {9E2BF2AD-0D65-4F5F-B206-890B6B9B86EE}
		{62F5D1D2-9154-40F6-9A4B-990AC6A6E352} = {15AAC13F-EF49-4D0F-A68E-CE4196BBE2D9}
		{9E2BF2AD-0D65-4F5F-B206-890B6B9B86EE} = {62F5D1D2-9154-40F6-9A4B-990AC6A6E352}
		{F5598FF0-1B00-442F-9EDE-7A9A5D92151B} = {9E2BF2AD-0D65-4F5F-B206-890B6B9B86EE}
		{DED2DB58-B791-462F-B661-8290BA6C6E42} = {15AAC13F-EF49-4D0F-A68E-CE4196BBE2D9}
		{3CB6E8F9-73D7-4A33-97CF-661D97A199AF} = {9B085FC7-834A-410B-8021-BCDF4A3067D7}
		{4234736E-8C4A-415C-95FB-F64097142119} = {9E2BF2AD-0D65-4F5F-B206-890B6B9B86EE}
		{787898E9-27DD-4450-9F36-67CE27033D5F} = {DED2DB58-B791-462F-B661-8290BA6C6E42}
		{E9A74AC9-30F4-462E-A068-5E3FD5183814} = {62F5D1D2-9154-40F6-9A4B-990AC6A6E352}
		{00076E65-C6AE-43E1-B6CC-6B344AF9C947} = {E9A74AC9-30F4-462E-A068-5E3FD5183814}
		{357DD69B-D4AA-4ED8-8FF5-6647D3F475BA} = {E9A74AC9-30F4-462E-A068-5E3FD5183814}
		{AB4CC374-9541-46CB-BE87-B2A32C234007} = {E9A74AC9-30F4-462E-A068-5E3FD5183814}
		{D46A2981-3C37-4C47-97D9-6BBA537207DD} = {E9A74AC9-30F4-462E-A068-5E3FD5183814}
		{78B0D95F-8842-4DC1-B0F0-C4626CB640D1} = {3BF9E4BF-522A-4ACC-B848-517FC2FEFBCB}
		{73676ABF-CED9-4655-B56B-293BFC6371F9} = {3BF9E4BF-522A-4ACC-B848-517FC2FEFBCB}
		{F6843AF5-12E8-4873-A543-5A9A943662F7} = {DED2DB58-B791-462F-B661-8290BA6C6E42}
		{0D4A9F33-69BF-47B9-9573-9948CEA49AEE} = {15AAC13F-EF49-4D0F-A68E-CE4196BBE2D9}
		{DD1D7132-A266-42A2-AC47-CB68CCAEC333} = {0D4A9F33-69BF-47B9-9573-9948CEA49AEE}
		{FB23EE98-644C-480A-BAAE-6D923E2EF841} = {DED2DB58-B791-462F-B661-8290BA6C6E42}
		{39D17F00-0214-4F55-A5FA-C555BD7AFD77} = {9B085FC7-834A-410B-8021-BCDF4A3067D7}
		{9B085FC7-834A-410B-8021-BCDF4A3067D7} = {DED2DB58-B791-462F-B661-8290BA6C6E42}
	EndGlobalSection
	GlobalSection(ExtensibilityGlobals) = postSolution
		SolutionGuid = {6ADD58E3-1AAA-4D58-9D54-AC20436EBA44}
	EndGlobalSection
EndGlobal
